
Microsoft Visual Studio Solution File, Format Version 12.00
# Visual Studio Version 17
VisualStudioVersion = 17.4.33403.182
MinimumVisualStudioVersion = 10.0.40219.1
Project("{FAE04EC0-301F-11D3-BF4B-00C04F79EFBC}") = "Question4", "Question4.csproj", "{89F41E04-0A82-4D0F-8733-0A2969261BDD}"
EndProject
Global
	GlobalSection(SolutionConfigurationPlatforms) = preSolution
		Debug|Any CPU = Debug|Any CPU
		Release|Any CPU = Release|Any CPU
	EndGlobalSection
	GlobalSection(ProjectConfigurationPlatforms) = postSolution
		{89F41E04-0A82-4D0F-8733-0A2969261BDD}.Debug|Any CPU.ActiveCfg = Debug|Any CPU
		{89F41E04-0A82-4D0F-8733-0A2969261BDD}.Debug|Any CPU.Build.0 = Debug|Any CPU
		{89F41E04-0A82-4D0F-8733-0A2969261BDD}.Release|Any CPU.ActiveCfg = Release|Any CPU
		{89F41E04-0A82-4D0F-8733-0A2969261BDD}.Release|Any CPU.Build.0 = Release|Any CPU
	EndGlobalSection
	GlobalSection(SolutionProperties) = preSolution
		HideSolutionNode = FALSE
	EndGlobalSection
	GlobalSection(ExtensibilityGlobals) = postSolution
		SolutionGuid = {5861AAF0-2815-46BC-A7B4-D2AD28ACE67C}
	EndGlobalSection
EndGlobal
