
Microsoft Visual Studio Solution File, Format Version 12.00
# Visual Studio Version 17
VisualStudioVersion = 17.4.33403.182
MinimumVisualStudioVersion = 10.0.40219.1
Project("{FAE04EC0-301F-11D3-BF4B-00C04F79EFBC}") = "Question2", "Question2.csproj", "{481FC484-B5C6-42D2-911A-96C7CF3E283E}"
EndProject
Global
	GlobalSection(SolutionConfigurationPlatforms) = preSolution
		Debug|Any CPU = Debug|Any CPU
		Release|Any CPU = Release|Any CPU
	EndGlobalSection
	GlobalSection(ProjectConfigurationPlatforms) = postSolution
		{481FC484-B5C6-42D2-911A-96C7CF3E283E}.Debug|Any CPU.ActiveCfg = Debug|Any CPU
		{481FC484-B5C6-42D2-911A-96C7CF3E283E}.Debug|Any CPU.Build.0 = Debug|Any CPU
		{481FC484-B5C6-42D2-911A-96C7CF3E283E}.Release|Any CPU.ActiveCfg = Release|Any CPU
		{481FC484-B5C6-42D2-911A-96C7CF3E283E}.Release|Any CPU.Build.0 = Release|Any CPU
	EndGlobalSection
	GlobalSection(SolutionProperties) = preSolution
		HideSolutionNode = FALSE
	EndGlobalSection
	GlobalSection(ExtensibilityGlobals) = postSolution
		SolutionGuid = {9F18C52A-B86C-4839-AB3E-BC524DB36D99}
	EndGlobalSection
EndGlobal
