
Microsoft Visual Studio Solution File, Format Version 12.00
# Visual Studio Version 17
VisualStudioVersion = 17.5.33516.290
MinimumVisualStudioVersion = 10.0.40219.1
Project("{FAE04EC0-301F-11D3-BF4B-00C04F79EFBC}") = "queston1_LabEx4", "queston1_LabEx4\queston1_LabEx4.csproj", "{0400369B-FE91-4D0F-BC04-19EA911670C6}"
EndProject
Project("{FAE04EC0-301F-11D3-BF4B-00C04F79EFBC}") = "BookArray", "BookArray\BookArray.csproj", "{46683C89-09B9-474A-B82E-68CC2882FA0A}"
EndProject
Global
	GlobalSection(SolutionConfigurationPlatforms) = preSolution
		Debug|Any CPU = Debug|Any CPU
		Release|Any CPU = Release|Any CPU
	EndGlobalSection
	GlobalSection(ProjectConfigurationPlatforms) = postSolution
		{0400369B-FE91-4D0F-BC04-19EA911670C6}.Debug|Any CPU.ActiveCfg = Debug|Any CPU
		{0400369B-FE91-4D0F-BC04-19EA911670C6}.Debug|Any CPU.Build.0 = Debug|Any CPU
		{0400369B-FE91-4D0F-BC04-19EA911670C6}.Release|Any CPU.ActiveCfg = Release|Any CPU
		{0400369B-FE91-4D0F-BC04-19EA911670C6}.Release|Any CPU.Build.0 = Release|Any CPU
		{46683C89-09B9-474A-B82E-68CC2882FA0A}.Debug|Any CPU.ActiveCfg = Debug|Any CPU
		{46683C89-09B9-474A-B82E-68CC2882FA0A}.Debug|Any CPU.Build.0 = Debug|Any CPU
		{46683C89-09B9-474A-B82E-68CC2882FA0A}.Release|Any CPU.ActiveCfg = Release|Any CPU
		{46683C89-09B9-474A-B82E-68CC2882FA0A}.Release|Any CPU.Build.0 = Release|Any CPU
	EndGlobalSection
	GlobalSection(SolutionProperties) = preSolution
		HideSolutionNode = FALSE
	EndGlobalSection
	GlobalSection(ExtensibilityGlobals) = postSolution
		SolutionGuid = {8A194780-CE4E-47DD-BFA7-0800EF1EB9B1}
	EndGlobalSection
EndGlobal
